
Microsoft Visual Studio Solution File, Format Version 12.00
# Visual Studio Version 17
VisualStudioVersion = 17.4.33213.308
MinimumVisualStudioVersion = 10.0.40219.1
Project("{FAE04EC0-301F-11D3-BF4B-00C04F79EFBC}") = "NameGenerator", "NameGenerator\NameGenerator.csproj", "{42AB7C59-7C34-4A7F-B51F-68B88CCE400C}"
EndProject
Global
	GlobalSection(SolutionConfigurationPlatforms) = preSolution
		Debug|Any CPU = Debug|Any CPU
		Release|Any CPU = Release|Any CPU
	EndGlobalSection
	GlobalSection(ProjectConfigurationPlatforms) = postSolution
		{42AB7C59-7C34-4A7F-B51F-68B88CCE400C}.Debug|Any CPU.ActiveCfg = Debug|Any CPU
		{42AB7C59-7C34-4A7F-B51F-68B88CCE400C}.Debug|Any CPU.Build.0 = Debug|Any CPU
		{42AB7C59-7C34-4A7F-B51F-68B88CCE400C}.Release|Any CPU.ActiveCfg = Release|Any CPU
		{42AB7C59-7C34-4A7F-B51F-68B88CCE400C}.Release|Any CPU.Build.0 = Release|Any CPU
	EndGlobalSection
	GlobalSection(SolutionProperties) = preSolution
		HideSolutionNode = FALSE
	EndGlobalSection
	GlobalSection(ExtensibilityGlobals) = postSolution
		SolutionGuid = {F1350281-51BD-42D4-B0EC-5BF5301B69F3}
	EndGlobalSection
EndGlobal
